# @generated by Move, please check-in and do not edit manually.

[move]
version = 3
manifest_digest = "F611989DE18F57DE7E4D98320014B8BE9CD1C23CCD18A0BCC00981422F2D7F7B"
deps_digest = "3C4103934B1E040BB6B23F1D610B4EF9F2F1166A50A104EADCF77467C004C600"
dependencies = [
  { id = "MoveStdlib", name = "MoveStdlib" },
  { id = "One", name = "One" },
]

[[move.package]]
id = "MoveStdlib"
source = { local = "../onechain_repo/crates/sui-framework/packages/move-stdlib" }

[[move.package]]
id = "One"
source = { local = "../onechain_repo/crates/sui-framework/packages/one-framework" }

dependencies = [
  { id = "MoveStdlib", name = "MoveStdlib" },
]

[move.toolchain-version]
compiler-version = "1.1.1"
edition = "2024.beta"
flavor = "one"

[env]

[env.testnet]
chain-id = "1bd5c965"
original-published-id = "0x86e7c9fde70f6867c364d9846257ef2566ea267d66dbc33271410e24dbfeb8af"
latest-published-id = "0x86e7c9fde70f6867c364d9846257ef2566ea267d66dbc33271410e24dbfeb8af"
published-version = "1"
